
Microsoft Visual Studio Solution File, Format Version 12.00
# Visual Studio Version 17
VisualStudioVersion = 17.5.33516.290
MinimumVisualStudioVersion = 10.0.40219.1
Project("{FAE04EC0-301F-11D3-BF4B-00C04F79EFBC}") = "diplomAPP", "diplomAPP\diplomAPP.csproj", "{83BFD335-16B5-4AE4-BC7A-71230127ED29}"
EndProject
Global
	GlobalSection(SolutionConfigurationPlatforms) = preSolution
		Debug|Any CPU = Debug|Any CPU
		Release|Any CPU = Release|Any CPU
	EndGlobalSection
	GlobalSection(ProjectConfigurationPlatforms) = postSolution
		{83BFD335-16B5-4AE4-BC7A-71230127ED29}.Debug|Any CPU.ActiveCfg = Debug|Any CPU
		{83BFD335-16B5-4AE4-BC7A-71230127ED29}.Debug|Any CPU.Build.0 = Debug|Any CPU
		{83BFD335-16B5-4AE4-BC7A-71230127ED29}.Release|Any CPU.ActiveCfg = Release|Any CPU
		{83BFD335-16B5-4AE4-BC7A-71230127ED29}.Release|Any CPU.Build.0 = Release|Any CPU
	EndGlobalSection
	GlobalSection(SolutionProperties) = preSolution
		HideSolutionNode = FALSE
	EndGlobalSection
	GlobalSection(ExtensibilityGlobals) = postSolution
		SolutionGuid = {1B51B8EB-0507-4BC4-86CA-9C1073D232D9}
	EndGlobalSection
EndGlobal
